
Microsoft Visual Studio Solution File, Format Version 12.00
# Visual Studio 15
VisualStudioVersion = 15.0.27428.2011
MinimumVisualStudioVersion = 10.0.40219.1
Project("{FAE04EC0-301F-11D3-BF4B-00C04F79EFBC}") = "FabrikProject", "FabrikProject\FabrikProject.csproj", "{D67DE6EA-5BBD-4FB0-9A0B-D09EAE3DA764}"
EndProject
Project("{FAE04EC0-301F-11D3-BF4B-00C04F79EFBC}") = "FabrikProject.Tests", "FabrikProject.Tests\FabrikProject.Tests.csproj", "{64493343-B4C9-46B6-BBAC-473790FE2D9E}"
EndProject
Global
	GlobalSection(SolutionConfigurationPlatforms) = preSolution
		Debug|Any CPU = Debug|Any CPU
		Release|Any CPU = Release|Any CPU
	EndGlobalSection
	GlobalSection(ProjectConfigurationPlatforms) = postSolution
		{D67DE6EA-5BBD-4FB0-9A0B-D09EAE3DA764}.Debug|Any CPU.ActiveCfg = Debug|Any CPU
		{D67DE6EA-5BBD-4FB0-9A0B-D09EAE3DA764}.Debug|Any CPU.Build.0 = Debug|Any CPU
		{D67DE6EA-5BBD-4FB0-9A0B-D09EAE3DA764}.Release|Any CPU.ActiveCfg = Release|Any CPU
		{D67DE6EA-5BBD-4FB0-9A0B-D09EAE3DA764}.Release|Any CPU.Build.0 = Release|Any CPU
		{64493343-B4C9-46B6-BBAC-473790FE2D9E}.Debug|Any CPU.ActiveCfg = Debug|Any CPU
		{64493343-B4C9-46B6-BBAC-473790FE2D9E}.Debug|Any CPU.Build.0 = Debug|Any CPU
		{64493343-B4C9-46B6-BBAC-473790FE2D9E}.Release|Any CPU.ActiveCfg = Release|Any CPU
		{64493343-B4C9-46B6-BBAC-473790FE2D9E}.Release|Any CPU.Build.0 = Release|Any CPU
	EndGlobalSection
	GlobalSection(SolutionProperties) = preSolution
		HideSolutionNode = FALSE
	EndGlobalSection
	GlobalSection(ExtensibilityGlobals) = postSolution
		SolutionGuid = {A2A80C32-078D-477A-BBBA-D8A8E8AD6236}
	EndGlobalSection
EndGlobal
